
Microsoft Visual Studio Solution File, Format Version 12.00
# Visual Studio 15
VisualStudioVersion = 15.0.26730.16
MinimumVisualStudioVersion = 10.0.40219.1
Project("{FAE04EC0-301F-11D3-BF4B-00C04F79EFBC}") = "RestCustomerService", "RestCustomerService\RestCustomerService.csproj", "{BBBA7B40-37CF-46A7-AC88-99559C50614E}"
EndProject
Global
	GlobalSection(SolutionConfigurationPlatforms) = preSolution
		Debug|Any CPU = Debug|Any CPU
		Release|Any CPU = Release|Any CPU
	EndGlobalSection
	GlobalSection(ProjectConfigurationPlatforms) = postSolution
		{BBBA7B40-37CF-46A7-AC88-99559C50614E}.Debug|Any CPU.ActiveCfg = Debug|Any CPU
		{BBBA7B40-37CF-46A7-AC88-99559C50614E}.Debug|Any CPU.Build.0 = Debug|Any CPU
		{BBBA7B40-37CF-46A7-AC88-99559C50614E}.Release|Any CPU.ActiveCfg = Release|Any CPU
		{BBBA7B40-37CF-46A7-AC88-99559C50614E}.Release|Any CPU.Build.0 = Release|Any CPU
	EndGlobalSection
	GlobalSection(SolutionProperties) = preSolution
		HideSolutionNode = FALSE
	EndGlobalSection
	GlobalSection(ExtensibilityGlobals) = postSolution
		SolutionGuid = {989A764B-4C22-4E95-B5DC-8399417092DD}
	EndGlobalSection
EndGlobal
